// !$*UTF8*$!
{
	archiveVersion = 1;
	classes = {
	};
	objectVersion = 55;
	objects = {

/* Begin PBXBuildFile section */
		0F0F40E627F19CEF00B9963C /* AppDelegate.swift in Sources */ = {isa = PBXBuildFile; fileRef = 0F0F40E527F19CEF00B9963C /* AppDelegate.swift */; };
		0F0F40E827F19CEF00B9963C /* SceneDelegate.swift in Sources */ = {isa = PBXBuildFile; fileRef = 0F0F40E727F19CEF00B9963C /* SceneDelegate.swift */; };
		0F0F40EA27F19CEF00B9963C /* LoginViewController.swift in Sources */ = {isa = PBXBuildFile; fileRef = 0F0F40E927F19CEF00B9963C /* LoginViewController.swift */; };
		0F0F40ED27F19CEF00B9963C /* Main.storyboard in Resources */ = {isa = PBXBuildFile; fileRef = 0F0F40EB27F19CEF00B9963C /* Main.storyboard */; };
		0F0F40EF27F19CF200B9963C /* Assets.xcassets in Resources */ = {isa = PBXBuildFile; fileRef = 0F0F40EE27F19CF200B9963C /* Assets.xcassets */; };
		0F0F40F227F19CF200B9963C /* LaunchScreen.storyboard in Resources */ = {isa = PBXBuildFile; fileRef = 0F0F40F027F19CF200B9963C /* LaunchScreen.storyboard */; };
		0F0F40FA27F1C75700B9963C /* TabBarController.swift in Sources */ = {isa = PBXBuildFile; fileRef = 0F0F40F927F1C75700B9963C /* TabBarController.swift */; };
		0F0F40FC27F1DDC800B9963C /* PointsViewController.swift in Sources */ = {isa = PBXBuildFile; fileRef = 0F0F40FB27F1DDC800B9963C /* PointsViewController.swift */; };
		0F0F40FE27F1DDDD00B9963C /* DairyViewController.swift in Sources */ = {isa = PBXBuildFile; fileRef = 0F0F40FD27F1DDDD00B9963C /* DairyViewController.swift */; };
		0F0F410027F1EFA700B9963C /* PointTableViewCell.swift in Sources */ = {isa = PBXBuildFile; fileRef = 0F0F40FF27F1EFA700B9963C /* PointTableViewCell.swift */; };
		0F0F410227F2053700B9963C /* PointModel.swift in Sources */ = {isa = PBXBuildFile; fileRef = 0F0F410127F2053700B9963C /* PointModel.swift */; };
		0F0F410427F2FB6200B9963C /* NewPointViewController.swift in Sources */ = {isa = PBXBuildFile; fileRef = 0F0F410327F2FB6200B9963C /* NewPointViewController.swift */; };
		0F0F410627F59D5400B9963C /* GoogleService-Info.plist in Resources */ = {isa = PBXBuildFile; fileRef = 0F0F410527F59D5300B9963C /* GoogleService-Info.plist */; };
		0F8338652806F6D0008946AB /* DairyTableViewCell.swift in Sources */ = {isa = PBXBuildFile; fileRef = 0F8338642806F6D0008946AB /* DairyTableViewCell.swift */; };
		0F833867280703FB008946AB /* NewNoteViewController.swift in Sources */ = {isa = PBXBuildFile; fileRef = 0F833866280703FB008946AB /* NewNoteViewController.swift */; };
		0F833869280808B8008946AB /* CatchesTableViewCell.swift in Sources */ = {isa = PBXBuildFile; fileRef = 0F833868280808B7008946AB /* CatchesTableViewCell.swift */; };
		0F83386B28081E9C008946AB /* NoteModel.swift in Sources */ = {isa = PBXBuildFile; fileRef = 0F83386A28081E9C008946AB /* NoteModel.swift */; };
		0F83386D28082246008946AB /* CatchModel.swift in Sources */ = {isa = PBXBuildFile; fileRef = 0F83386C28082246008946AB /* CatchModel.swift */; };
		0FA65A1F28293EA500BAC1B3 /* NewCatchViewController.swift in Sources */ = {isa = PBXBuildFile; fileRef = 0FA65A1E28293EA400BAC1B3 /* NewCatchViewController.swift */; };
		0FA65A212829931800BAC1B3 /* NetworkWeatherManager.swift in Sources */ = {isa = PBXBuildFile; fileRef = 0FA65A202829931800BAC1B3 /* NetworkWeatherManager.swift */; };
		0FA65A23282A569100BAC1B3 /* Constants.swift in Sources */ = {isa = PBXBuildFile; fileRef = 0FA65A22282A569100BAC1B3 /* Constants.swift */; };
		0FA65A25282A667300BAC1B3 /* CertainWeatherData.swift in Sources */ = {isa = PBXBuildFile; fileRef = 0FA65A24282A667300BAC1B3 /* CertainWeatherData.swift */; };
		0FA65A27282A77FC00BAC1B3 /* CertainWeather.swift in Sources */ = {isa = PBXBuildFile; fileRef = 0FA65A26282A77FC00BAC1B3 /* CertainWeather.swift */; };
		0FFC89FA27FAE08A009FAA8F /* UserModel.swift in Sources */ = {isa = PBXBuildFile; fileRef = 0FFC89F927FAE08A009FAA8F /* UserModel.swift */; };
		0FFC89FC27FED558009FAA8F /* MapViewController.swift in Sources */ = {isa = PBXBuildFile; fileRef = 0FFC89FB27FED558009FAA8F /* MapViewController.swift */; };
		5665CAFD0CEDCC2A8F7BDF2C /* Pods_FishingPoints.framework in Frameworks */ = {isa = PBXBuildFile; fileRef = C6AD3F85195FE09A744C7906 /* Pods_FishingPoints.framework */; };
/* End PBXBuildFile section */

/* Begin PBXFileReference section */
		0F0F40E227F19CEE00B9963C /* FishingPoints.app */ = {isa = PBXFileReference; explicitFileType = wrapper.application; includeInIndex = 0; path = FishingPoints.app; sourceTree = BUILT_PRODUCTS_DIR; };
		0F0F40E527F19CEF00B9963C /* AppDelegate.swift */ = {isa = PBXFileReference; lastKnownFileType = sourcecode.swift; path = AppDelegate.swift; sourceTree = "<group>"; };
		0F0F40E727F19CEF00B9963C /* SceneDelegate.swift */ = {isa = PBXFileReference; lastKnownFileType = sourcecode.swift; path = SceneDelegate.swift; sourceTree = "<group>"; };
		0F0F40E927F19CEF00B9963C /* LoginViewController.swift */ = {isa = PBXFileReference; lastKnownFileType = sourcecode.swift; path = LoginViewController.swift; sourceTree = "<group>"; };
		0F0F40EC27F19CEF00B9963C /* Base */ = {isa = PBXFileReference; lastKnownFileType = file.storyboard; name = Base; path = Base.lproj/Main.storyboard; sourceTree = "<group>"; };
		0F0F40EE27F19CF200B9963C /* Assets.xcassets */ = {isa = PBXFileReference; lastKnownFileType = folder.assetcatalog; path = Assets.xcassets; sourceTree = "<group>"; };
		0F0F40F127F19CF200B9963C /* Base */ = {isa = PBXFileReference; lastKnownFileType = file.storyboard; name = Base; path = Base.lproj/LaunchScreen.storyboard; sourceTree = "<group>"; };
		0F0F40F327F19CF200B9963C /* Info.plist */ = {isa = PBXFileReference; lastKnownFileType = text.plist.xml; path = Info.plist; sourceTree = "<group>"; };
		0F0F40F927F1C75700B9963C /* TabBarController.swift */ = {isa = PBXFileReference; lastKnownFileType = sourcecode.swift; path = TabBarController.swift; sourceTree = "<group>"; };
		0F0F40FB27F1DDC800B9963C /* PointsViewController.swift */ = {isa = PBXFileReference; lastKnownFileType = sourcecode.swift; path = PointsViewController.swift; sourceTree = "<group>"; };
		0F0F40FD27F1DDDD00B9963C /* DairyViewController.swift */ = {isa = PBXFileReference; lastKnownFileType = sourcecode.swift; path = DairyViewController.swift; sourceTree = "<group>"; };
		0F0F40FF27F1EFA700B9963C /* PointTableViewCell.swift */ = {isa = PBXFileReference; lastKnownFileType = sourcecode.swift; path = PointTableViewCell.swift; sourceTree = "<group>"; };
		0F0F410127F2053700B9963C /* PointModel.swift */ = {isa = PBXFileReference; lastKnownFileType = sourcecode.swift; path = PointModel.swift; sourceTree = "<group>"; };
		0F0F410327F2FB6200B9963C /* NewPointViewController.swift */ = {isa = PBXFileReference; lastKnownFileType = sourcecode.swift; path = NewPointViewController.swift; sourceTree = "<group>"; };
		0F0F410527F59D5300B9963C /* GoogleService-Info.plist */ = {isa = PBXFileReference; lastKnownFileType = text.plist; path = "GoogleService-Info.plist"; sourceTree = SOURCE_ROOT; };
		0F8338642806F6D0008946AB /* DairyTableViewCell.swift */ = {isa = PBXFileReference; lastKnownFileType = sourcecode.swift; path = DairyTableViewCell.swift; sourceTree = "<group>"; };
		0F833866280703FB008946AB /* NewNoteViewController.swift */ = {isa = PBXFileReference; lastKnownFileType = sourcecode.swift; path = NewNoteViewController.swift; sourceTree = "<group>"; };
		0F833868280808B7008946AB /* CatchesTableViewCell.swift */ = {isa = PBXFileReference; lastKnownFileType = sourcecode.swift; path = CatchesTableViewCell.swift; sourceTree = "<group>"; };
		0F83386A28081E9C008946AB /* NoteModel.swift */ = {isa = PBXFileReference; lastKnownFileType = sourcecode.swift; path = NoteModel.swift; sourceTree = "<group>"; };
		0F83386C28082246008946AB /* CatchModel.swift */ = {isa = PBXFileReference; lastKnownFileType = sourcecode.swift; path = CatchModel.swift; sourceTree = "<group>"; };
		0FA65A1E28293EA400BAC1B3 /* NewCatchViewController.swift */ = {isa = PBXFileReference; lastKnownFileType = sourcecode.swift; path = NewCatchViewController.swift; sourceTree = "<group>"; };
		0FA65A202829931800BAC1B3 /* NetworkWeatherManager.swift */ = {isa = PBXFileReference; lastKnownFileType = sourcecode.swift; path = NetworkWeatherManager.swift; sourceTree = "<group>"; };
		0FA65A22282A569100BAC1B3 /* Constants.swift */ = {isa = PBXFileReference; lastKnownFileType = sourcecode.swift; path = Constants.swift; sourceTree = "<group>"; };
		0FA65A24282A667300BAC1B3 /* CertainWeatherData.swift */ = {isa = PBXFileReference; lastKnownFileType = sourcecode.swift; path = CertainWeatherData.swift; sourceTree = "<group>"; };
		0FA65A26282A77FC00BAC1B3 /* CertainWeather.swift */ = {isa = PBXFileReference; lastKnownFileType = sourcecode.swift; path = CertainWeather.swift; sourceTree = "<group>"; };
		0FFC89F927FAE08A009FAA8F /* UserModel.swift */ = {isa = PBXFileReference; lastKnownFileType = sourcecode.swift; path = UserModel.swift; sourceTree = "<group>"; };
		0FFC89FB27FED558009FAA8F /* MapViewController.swift */ = {isa = PBXFileReference; lastKnownFileType = sourcecode.swift; path = MapViewController.swift; sourceTree = "<group>"; };
		433A935A2E4495703F117EA3 /* Pods-FishingPoints.release.xcconfig */ = {isa = PBXFileReference; includeInIndex = 1; lastKnownFileType = text.xcconfig; name = "Pods-FishingPoints.release.xcconfig"; path = "Target Support Files/Pods-FishingPoints/Pods-FishingPoints.release.xcconfig"; sourceTree = "<group>"; };
		C2F2FD9EB82E49A35A0F9250 /* Pods-FishingPoints.debug.xcconfig */ = {isa = PBXFileReference; includeInIndex = 1; lastKnownFileType = text.xcconfig; name = "Pods-FishingPoints.debug.xcconfig"; path = "Target Support Files/Pods-FishingPoints/Pods-FishingPoints.debug.xcconfig"; sourceTree = "<group>"; };
		C6AD3F85195FE09A744C7906 /* Pods_FishingPoints.framework */ = {isa = PBXFileReference; explicitFileType = wrapper.framework; includeInIndex = 0; path = Pods_FishingPoints.framework; sourceTree = BUILT_PRODUCTS_DIR; };
/* End PBXFileReference section */

/* Begin PBXFrameworksBuildPhase section */
		0F0F40DF27F19CEE00B9963C /* Frameworks */ = {
			isa = PBXFrameworksBuildPhase;
			buildActionMask = 2147483647;
			files = (
				5665CAFD0CEDCC2A8F7BDF2C /* Pods_FishingPoints.framework in Frameworks */,
			);
			runOnlyForDeploymentPostprocessing = 0;
		};
/* End PBXFrameworksBuildPhase section */

/* Begin PBXGroup section */
		0F0F40D927F19CEE00B9963C = {
			isa = PBXGroup;
			children = (
				0F0F40E427F19CEE00B9963C /* FishingPoints */,
				0F0F40E327F19CEE00B9963C /* Products */,
				B509C43D831711F8C49942F5 /* Pods */,
				2B50299563E4A85AE0E06EFE /* Frameworks */,
			);
			sourceTree = "<group>";
		};
		0F0F40E327F19CEE00B9963C /* Products */ = {
			isa = PBXGroup;
			children = (
				0F0F40E227F19CEE00B9963C /* FishingPoints.app */,
			);
			name = Products;
			sourceTree = "<group>";
		};
		0F0F40E427F19CEE00B9963C /* FishingPoints */ = {
			isa = PBXGroup;
			children = (
				0FFC89FE27FEFE3C009FAA8F /* Models */,
				0FFC89FF27FEFE63009FAA8F /* Views */,
				0FFC89FD27FEFDF8009FAA8F /* Controllers */,
				0FFC8A0027FEFEB8009FAA8F /* Supporting files */,
				0F0F40F327F19CF200B9963C /* Info.plist */,
				0F0F410527F59D5300B9963C /* GoogleService-Info.plist */,
			);
			path = FishingPoints;
			sourceTree = "<group>";
		};
		0FFC89FD27FEFDF8009FAA8F /* Controllers */ = {
			isa = PBXGroup;
			children = (
				0F0F40E927F19CEF00B9963C /* LoginViewController.swift */,
				0F0F40F927F1C75700B9963C /* TabBarController.swift */,
				0F0F40FB27F1DDC800B9963C /* PointsViewController.swift */,
				0F0F410327F2FB6200B9963C /* NewPointViewController.swift */,
				0FFC89FB27FED558009FAA8F /* MapViewController.swift */,
				0F0F40FD27F1DDDD00B9963C /* DairyViewController.swift */,
				0F833866280703FB008946AB /* NewNoteViewController.swift */,
				0FA65A1E28293EA400BAC1B3 /* NewCatchViewController.swift */,
			);
			path = Controllers;
			sourceTree = "<group>";
		};
		0FFC89FE27FEFE3C009FAA8F /* Models */ = {
			isa = PBXGroup;
			children = (
				0FFC89F927FAE08A009FAA8F /* UserModel.swift */,
				0F0F410127F2053700B9963C /* PointModel.swift */,
				0F83386A28081E9C008946AB /* NoteModel.swift */,
				0F83386C28082246008946AB /* CatchModel.swift */,
				0FA65A202829931800BAC1B3 /* NetworkWeatherManager.swift */,
				0FA65A24282A667300BAC1B3 /* CertainWeatherData.swift */,
				0FA65A26282A77FC00BAC1B3 /* CertainWeather.swift */,
			);
			path = Models;
			sourceTree = "<group>";
		};
		0FFC89FF27FEFE63009FAA8F /* Views */ = {
			isa = PBXGroup;
			children = (
				0F0F40FF27F1EFA700B9963C /* PointTableViewCell.swift */,
				0F8338642806F6D0008946AB /* DairyTableViewCell.swift */,
				0F833868280808B7008946AB /* CatchesTableViewCell.swift */,
				0F0F40EB27F19CEF00B9963C /* Main.storyboard */,
				0F0F40F027F19CF200B9963C /* LaunchScreen.storyboard */,
			);
			path = Views;
			sourceTree = "<group>";
		};
		0FFC8A0027FEFEB8009FAA8F /* Supporting files */ = {
			isa = PBXGroup;
			children = (
				0F0F40E527F19CEF00B9963C /* AppDelegate.swift */,
				0F0F40E727F19CEF00B9963C /* SceneDelegate.swift */,
				0F0F40EE27F19CF200B9963C /* Assets.xcassets */,
				0FA65A22282A569100BAC1B3 /* Constants.swift */,
			);
			path = "Supporting files";
			sourceTree = "<group>";
		};
		2B50299563E4A85AE0E06EFE /* Frameworks */ = {
			isa = PBXGroup;
			children = (
				C6AD3F85195FE09A744C7906 /* Pods_FishingPoints.framework */,
			);
			name = Frameworks;
			sourceTree = "<group>";
		};
		B509C43D831711F8C49942F5 /* Pods */ = {
			isa = PBXGroup;
			children = (
				C2F2FD9EB82E49A35A0F9250 /* Pods-FishingPoints.debug.xcconfig */,
				433A935A2E4495703F117EA3 /* Pods-FishingPoints.release.xcconfig */,
			);
			path = Pods;
			sourceTree = "<group>";
		};
/* End PBXGroup section */

/* Begin PBXNativeTarget section */
		0F0F40E127F19CEE00B9963C /* FishingPoints */ = {
			isa = PBXNativeTarget;
			buildConfigurationList = 0F0F40F627F19CF200B9963C /* Build configuration list for PBXNativeTarget "FishingPoints" */;
			buildPhases = (
				4B56E15C9F4C1CDFBA3FB85D /* [CP] Check Pods Manifest.lock */,
				0F0F40DE27F19CEE00B9963C /* Sources */,
				0F0F40DF27F19CEE00B9963C /* Frameworks */,
				0F0F40E027F19CEE00B9963C /* Resources */,
				B74B6151285FB32E6A5C61E8 /* [CP] Embed Pods Frameworks */,
			);
			buildRules = (
			);
			dependencies = (
			);
			name = FishingPoints;
			productName = FishingPoints;
			productReference = 0F0F40E227F19CEE00B9963C /* FishingPoints.app */;
			productType = "com.apple.product-type.application";
		};
/* End PBXNativeTarget section */

/* Begin PBXProject section */
		0F0F40DA27F19CEE00B9963C /* Project object */ = {
			isa = PBXProject;
			attributes = {
				BuildIndependentTargetsInParallel = 1;
				LastSwiftUpdateCheck = 1320;
				LastUpgradeCheck = 1320;
				TargetAttributes = {
					0F0F40E127F19CEE00B9963C = {
						CreatedOnToolsVersion = 13.2.1;
					};
				};
			};
			buildConfigurationList = 0F0F40DD27F19CEE00B9963C /* Build configuration list for PBXProject "FishingPoints" */;
			compatibilityVersion = "Xcode 13.0";
			developmentRegion = en;
			hasScannedForEncodings = 0;
			knownRegions = (
				en,
				Base,
			);
			mainGroup = 0F0F40D927F19CEE00B9963C;
			productRefGroup = 0F0F40E327F19CEE00B9963C /* Products */;
			projectDirPath = "";
			projectRoot = "";
			targets = (
				0F0F40E127F19CEE00B9963C /* FishingPoints */,
			);
		};
/* End PBXProject section */

/* Begin PBXResourcesBuildPhase section */
		0F0F40E027F19CEE00B9963C /* Resources */ = {
			isa = PBXResourcesBuildPhase;
			buildActionMask = 2147483647;
			files = (
				0F0F40F227F19CF200B9963C /* LaunchScreen.storyboard in Resources */,
				0F0F410627F59D5400B9963C /* GoogleService-Info.plist in Resources */,
				0F0F40EF27F19CF200B9963C /* Assets.xcassets in Resources */,
				0F0F40ED27F19CEF00B9963C /* Main.storyboard in Resources */,
			);
			runOnlyForDeploymentPostprocessing = 0;
		};
/* End PBXResourcesBuildPhase section */

/* Begin PBXShellScriptBuildPhase section */
		4B56E15C9F4C1CDFBA3FB85D /* [CP] Check Pods Manifest.lock */ = {
			isa = PBXShellScriptBuildPhase;
			buildActionMask = 2147483647;
			files = (
			);
			inputFileListPaths = (
			);
			inputPaths = (
				"${PODS_PODFILE_DIR_PATH}/Podfile.lock",
				"${PODS_ROOT}/Manifest.lock",
			);
			name = "[CP] Check Pods Manifest.lock";
			outputFileListPaths = (
			);
			outputPaths = (
				"$(DERIVED_FILE_DIR)/Pods-FishingPoints-checkManifestLockResult.txt",
			);
			runOnlyForDeploymentPostprocessing = 0;
			shellPath = /bin/sh;
			shellScript = "diff \"${PODS_PODFILE_DIR_PATH}/Podfile.lock\" \"${PODS_ROOT}/Manifest.lock\" > /dev/null\nif [ $? != 0 ] ; then\n    # print error to STDERR\n    echo \"error: The sandbox is not in sync with the Podfile.lock. Run 'pod install' or update your CocoaPods installation.\" >&2\n    exit 1\nfi\n# This output is used by Xcode 'outputs' to avoid re-running this script phase.\necho \"SUCCESS\" > \"${SCRIPT_OUTPUT_FILE_0}\"\n";
			showEnvVarsInLog = 0;
		};
		B74B6151285FB32E6A5C61E8 /* [CP] Embed Pods Frameworks */ = {
			isa = PBXShellScriptBuildPhase;
			buildActionMask = 2147483647;
			files = (
			);
			inputFileListPaths = (
				"${PODS_ROOT}/Target Support Files/Pods-FishingPoints/Pods-FishingPoints-frameworks-${CONFIGURATION}-input-files.xcfilelist",
			);
			name = "[CP] Embed Pods Frameworks";
			outputFileListPaths = (
				"${PODS_ROOT}/Target Support Files/Pods-FishingPoints/Pods-FishingPoints-frameworks-${CONFIGURATION}-output-files.xcfilelist",
			);
			runOnlyForDeploymentPostprocessing = 0;
			shellPath = /bin/sh;
			shellScript = "\"${PODS_ROOT}/Target Support Files/Pods-FishingPoints/Pods-FishingPoints-frameworks.sh\"\n";
			showEnvVarsInLog = 0;
		};
/* End PBXShellScriptBuildPhase section */

/* Begin PBXSourcesBuildPhase section */
		0F0F40DE27F19CEE00B9963C /* Sources */ = {
			isa = PBXSourcesBuildPhase;
			buildActionMask = 2147483647;
			files = (
				0FFC89FC27FED558009FAA8F /* MapViewController.swift in Sources */,
				0FA65A23282A569100BAC1B3 /* Constants.swift in Sources */,
				0F0F40FC27F1DDC800B9963C /* PointsViewController.swift in Sources */,
				0F0F40EA27F19CEF00B9963C /* LoginViewController.swift in Sources */,
				0FA65A25282A667300BAC1B3 /* CertainWeatherData.swift in Sources */,
				0FA65A1F28293EA500BAC1B3 /* NewCatchViewController.swift in Sources */,
				0F833867280703FB008946AB /* NewNoteViewController.swift in Sources */,
				0F8338652806F6D0008946AB /* DairyTableViewCell.swift in Sources */,
				0F0F410027F1EFA700B9963C /* PointTableViewCell.swift in Sources */,
				0F0F40FE27F1DDDD00B9963C /* DairyViewController.swift in Sources */,
				0F0F410427F2FB6200B9963C /* NewPointViewController.swift in Sources */,
				0F0F40FA27F1C75700B9963C /* TabBarController.swift in Sources */,
				0F833869280808B8008946AB /* CatchesTableViewCell.swift in Sources */,
				0F83386B28081E9C008946AB /* NoteModel.swift in Sources */,
				0FA65A212829931800BAC1B3 /* NetworkWeatherManager.swift in Sources */,
				0F0F40E627F19CEF00B9963C /* AppDelegate.swift in Sources */,
				0FA65A27282A77FC00BAC1B3 /* CertainWeather.swift in Sources */,
				0F0F410227F2053700B9963C /* PointModel.swift in Sources */,
				0FFC89FA27FAE08A009FAA8F /* UserModel.swift in Sources */,
				0F0F40E827F19CEF00B9963C /* SceneDelegate.swift in Sources */,
				0F83386D28082246008946AB /* CatchModel.swift in Sources */,
			);
			runOnlyForDeploymentPostprocessing = 0;
		};
/* End PBXSourcesBuildPhase section */

/* Begin PBXVariantGroup section */
		0F0F40EB27F19CEF00B9963C /* Main.storyboard */ = {
			isa = PBXVariantGroup;
			children = (
				0F0F40EC27F19CEF00B9963C /* Base */,
			);
			name = Main.storyboard;
			sourceTree = "<group>";
		};
		0F0F40F027F19CF200B9963C /* LaunchScreen.storyboard */ = {
			isa = PBXVariantGroup;
			children = (
				0F0F40F127F19CF200B9963C /* Base */,
			);
			name = LaunchScreen.storyboard;
			sourceTree = "<group>";
		};
/* End PBXVariantGroup section */

/* Begin XCBuildConfiguration section */
		0F0F40F427F19CF200B9963C /* Debug */ = {
			isa = XCBuildConfiguration;
			buildSettings = {
				ALWAYS_SEARCH_USER_PATHS = NO;
				CLANG_ANALYZER_NONNULL = YES;
				CLANG_ANALYZER_NUMBER_OBJECT_CONVERSION = YES_AGGRESSIVE;
				CLANG_CXX_LANGUAGE_STANDARD = "gnu++17";
				CLANG_CXX_LIBRARY = "libc++";
				CLANG_ENABLE_MODULES = YES;
				CLANG_ENABLE_OBJC_ARC = YES;
				CLANG_ENABLE_OBJC_WEAK = YES;
				CLANG_WARN_BLOCK_CAPTURE_AUTORELEASING = YES;
				CLANG_WARN_BOOL_CONVERSION = YES;
				CLANG_WARN_COMMA = YES;
				CLANG_WARN_CONSTANT_CONVERSION = YES;
				CLANG_WARN_DEPRECATED_OBJC_IMPLEMENTATIONS = YES;
				CLANG_WARN_DIRECT_OBJC_ISA_USAGE = YES_ERROR;
				CLANG_WARN_DOCUMENTATION_COMMENTS = YES;
				CLANG_WARN_EMPTY_BODY = YES;
				CLANG_WARN_ENUM_CONVERSION = YES;
				CLANG_WARN_INFINITE_RECURSION = YES;
				CLANG_WARN_INT_CONVERSION = YES;
				CLANG_WARN_NON_LITERAL_NULL_CONVERSION = YES;
				CLANG_WARN_OBJC_IMPLICIT_RETAIN_SELF = YES;
				CLANG_WARN_OBJC_LITERAL_CONVERSION = YES;
				CLANG_WARN_OBJC_ROOT_CLASS = YES_ERROR;
				CLANG_WARN_QUOTED_INCLUDE_IN_FRAMEWORK_HEADER = YES;
				CLANG_WARN_RANGE_LOOP_ANALYSIS = YES;
				CLANG_WARN_STRICT_PROTOTYPES = YES;
				CLANG_WARN_SUSPICIOUS_MOVE = YES;
				CLANG_WARN_UNGUARDED_AVAILABILITY = YES_AGGRESSIVE;
				CLANG_WARN_UNREACHABLE_CODE = YES;
				CLANG_WARN__DUPLICATE_METHOD_MATCH = YES;
				COPY_PHASE_STRIP = NO;
				DEBUG_INFORMATION_FORMAT = dwarf;
				ENABLE_STRICT_OBJC_MSGSEND = YES;
				ENABLE_TESTABILITY = YES;
				GCC_C_LANGUAGE_STANDARD = gnu11;
				GCC_DYNAMIC_NO_PIC = NO;
				GCC_NO_COMMON_BLOCKS = YES;
				GCC_OPTIMIZATION_LEVEL = 0;
				GCC_PREPROCESSOR_DEFINITIONS = (
					"DEBUG=1",
					"$(inherited)",
				);
				GCC_WARN_64_TO_32_BIT_CONVERSION = YES;
				GCC_WARN_ABOUT_RETURN_TYPE = YES_ERROR;
				GCC_WARN_UNDECLARED_SELECTOR = YES;
				GCC_WARN_UNINITIALIZED_AUTOS = YES_AGGRESSIVE;
				GCC_WARN_UNUSED_FUNCTION = YES;
				GCC_WARN_UNUSED_VARIABLE = YES;
				IPHONEOS_DEPLOYMENT_TARGET = 15.2;
				MTL_ENABLE_DEBUG_INFO = INCLUDE_SOURCE;
				MTL_FAST_MATH = YES;
				ONLY_ACTIVE_ARCH = YES;
				SDKROOT = iphoneos;
				SWIFT_ACTIVE_COMPILATION_CONDITIONS = DEBUG;
				SWIFT_OPTIMIZATION_LEVEL = "-Onone";
			};
			name = Debug;
		};
		0F0F40F527F19CF200B9963C /* Release */ = {
			isa = XCBuildConfiguration;
			buildSettings = {
				ALWAYS_SEARCH_USER_PATHS = NO;
				CLANG_ANALYZER_NONNULL = YES;
				CLANG_ANALYZER_NUMBER_OBJECT_CONVERSION = YES_AGGRESSIVE;
				CLANG_CXX_LANGUAGE_STANDARD = "gnu++17";
				CLANG_CXX_LIBRARY = "libc++";
				CLANG_ENABLE_MODULES = YES;
				CLANG_ENABLE_OBJC_ARC = YES;
				CLANG_ENABLE_OBJC_WEAK = YES;
				CLANG_WARN_BLOCK_CAPTURE_AUTORELEASING = YES;
				CLANG_WARN_BOOL_CONVERSION = YES;
				CLANG_WARN_COMMA = YES;
				CLANG_WARN_CONSTANT_CONVERSION = YES;
				CLANG_WARN_DEPRECATED_OBJC_IMPLEMENTATIONS = YES;
				CLANG_WARN_DIRECT_OBJC_ISA_USAGE = YES_ERROR;
				CLANG_WARN_DOCUMENTATION_COMMENTS = YES;
				CLANG_WARN_EMPTY_BODY = YES;
				CLANG_WARN_ENUM_CONVERSION = YES;
				CLANG_WARN_INFINITE_RECURSION = YES;
				CLANG_WARN_INT_CONVERSION = YES;
				CLANG_WARN_NON_LITERAL_NULL_CONVERSION = YES;
				CLANG_WARN_OBJC_IMPLICIT_RETAIN_SELF = YES;
				CLANG_WARN_OBJC_LITERAL_CONVERSION = YES;
				CLANG_WARN_OBJC_ROOT_CLASS = YES_ERROR;
				CLANG_WARN_QUOTED_INCLUDE_IN_FRAMEWORK_HEADER = YES;
				CLANG_WARN_RANGE_LOOP_ANALYSIS = YES;
				CLANG_WARN_STRICT_PROTOTYPES = YES;
				CLANG_WARN_SUSPICIOUS_MOVE = YES;
				CLANG_WARN_UNGUARDED_AVAILABILITY = YES_AGGRESSIVE;
				CLANG_WARN_UNREACHABLE_CODE = YES;
				CLANG_WARN__DUPLICATE_METHOD_MATCH = YES;
				COPY_PHASE_STRIP = NO;
				DEBUG_INFORMATION_FORMAT = "dwarf-with-dsym";
				ENABLE_NS_ASSERTIONS = NO;
				ENABLE_STRICT_OBJC_MSGSEND = YES;
				GCC_C_LANGUAGE_STANDARD = gnu11;
				GCC_NO_COMMON_BLOCKS = YES;
				GCC_WARN_64_TO_32_BIT_CONVERSION = YES;
				GCC_WARN_ABOUT_RETURN_TYPE = YES_ERROR;
				GCC_WARN_UNDECLARED_SELECTOR = YES;
				GCC_WARN_UNINITIALIZED_AUTOS = YES_AGGRESSIVE;
				GCC_WARN_UNUSED_FUNCTION = YES;
				GCC_WARN_UNUSED_VARIABLE = YES;
				IPHONEOS_DEPLOYMENT_TARGET = 15.2;
				MTL_ENABLE_DEBUG_INFO = NO;
				MTL_FAST_MATH = YES;
				SDKROOT = iphoneos;
				SWIFT_COMPILATION_MODE = wholemodule;
				SWIFT_OPTIMIZATION_LEVEL = "-O";
				VALIDATE_PRODUCT = YES;
			};
			name = Release;
		};
		0F0F40F727F19CF200B9963C /* Debug */ = {
			isa = XCBuildConfiguration;
			baseConfigurationReference = C2F2FD9EB82E49A35A0F9250 /* Pods-FishingPoints.debug.xcconfig */;
			buildSettings = {
				ASSETCATALOG_COMPILER_APPICON_NAME = AppIcon;
				ASSETCATALOG_COMPILER_GLOBAL_ACCENT_COLOR_NAME = AccentColor;
				CODE_SIGN_STYLE = Automatic;
				CURRENT_PROJECT_VERSION = 1;
				DEVELOPMENT_TEAM = D2KW6XX9WD;
				GENERATE_INFOPLIST_FILE = YES;
				INFOPLIST_FILE = FishingPoints/Info.plist;
				INFOPLIST_KEY_UIApplicationSupportsIndirectInputEvents = YES;
				INFOPLIST_KEY_UILaunchStoryboardName = LaunchScreen;
				INFOPLIST_KEY_UIMainStoryboardFile = Main;
				INFOPLIST_KEY_UISupportedInterfaceOrientations_iPad = "UIInterfaceOrientationPortrait UIInterfaceOrientationPortraitUpsideDown UIInterfaceOrientationLandscapeLeft UIInterfaceOrientationLandscapeRight";
				INFOPLIST_KEY_UISupportedInterfaceOrientations_iPhone = "UIInterfaceOrientationPortrait UIInterfaceOrientationLandscapeLeft UIInterfaceOrientationLandscapeRight";
				IPHONEOS_DEPLOYMENT_TARGET = 15.2;
				LD_RUNPATH_SEARCH_PATHS = (
					"$(inherited)",
					"@executable_path/Frameworks",
				);
				MARKETING_VERSION = 1.0;
				PRODUCT_BUNDLE_IDENTIFIER = RB.FishingPoints;
				PRODUCT_NAME = "$(TARGET_NAME)";
				SWIFT_EMIT_LOC_STRINGS = YES;
				SWIFT_VERSION = 5.0;
				TARGETED_DEVICE_FAMILY = "1,2";
			};
			name = Debug;
		};
		0F0F40F827F19CF200B9963C /* Release */ = {
			isa = XCBuildConfiguration;
			baseConfigurationReference = 433A935A2E4495703F117EA3 /* Pods-FishingPoints.release.xcconfig */;
			buildSettings = {
				ASSETCATALOG_COMPILER_APPICON_NAME = AppIcon;
				ASSETCATALOG_COMPILER_GLOBAL_ACCENT_COLOR_NAME = AccentColor;
				CODE_SIGN_STYLE = Automatic;
				CURRENT_PROJECT_VERSION = 1;
				DEVELOPMENT_TEAM = D2KW6XX9WD;
				GENERATE_INFOPLIST_FILE = YES;
				INFOPLIST_FILE = FishingPoints/Info.plist;
				INFOPLIST_KEY_UIApplicationSupportsIndirectInputEvents = YES;
				INFOPLIST_KEY_UILaunchStoryboardName = LaunchScreen;
				INFOPLIST_KEY_UIMainStoryboardFile = Main;
				INFOPLIST_KEY_UISupportedInterfaceOrientations_iPad = "UIInterfaceOrientationPortrait UIInterfaceOrientationPortraitUpsideDown UIInterfaceOrientationLandscapeLeft UIInterfaceOrientationLandscapeRight";
				INFOPLIST_KEY_UISupportedInterfaceOrientations_iPhone = "UIInterfaceOrientationPortrait UIInterfaceOrientationLandscapeLeft UIInterfaceOrientationLandscapeRight";
				IPHONEOS_DEPLOYMENT_TARGET = 15.2;
				LD_RUNPATH_SEARCH_PATHS = (
					"$(inherited)",
					"@executable_path/Frameworks",
				);
				MARKETING_VERSION = 1.0;
				PRODUCT_BUNDLE_IDENTIFIER = RB.FishingPoints;
				PRODUCT_NAME = "$(TARGET_NAME)";
				SWIFT_EMIT_LOC_STRINGS = YES;
				SWIFT_VERSION = 5.0;
				TARGETED_DEVICE_FAMILY = "1,2";
			};
			name = Release;
		};
/* End XCBuildConfiguration section */

/* Begin XCConfigurationList section */
		0F0F40DD27F19CEE00B9963C /* Build configuration list for PBXProject "FishingPoints" */ = {
			isa = XCConfigurationList;
			buildConfigurations = (
				0F0F40F427F19CF200B9963C /* Debug */,
				0F0F40F527F19CF200B9963C /* Release */,
			);
			defaultConfigurationIsVisible = 0;
			defaultConfigurationName = Release;
		};
		0F0F40F627F19CF200B9963C /* Build configuration list for PBXNativeTarget "FishingPoints" */ = {
			isa = XCConfigurationList;
			buildConfigurations = (
				0F0F40F727F19CF200B9963C /* Debug */,
				0F0F40F827F19CF200B9963C /* Release */,
			);
			defaultConfigurationIsVisible = 0;
			defaultConfigurationName = Release;
		};
/* End XCConfigurationList section */
	};
	rootObject = 0F0F40DA27F19CEE00B9963C /* Project object */;
}
